
Microsoft Visual Studio Solution File, Format Version 12.00
# Visual Studio 15
VisualStudioVersion = 15.0.28307.489
MinimumVisualStudioVersion = 10.0.40219.1
Project("{FAE04EC0-301F-11D3-BF4B-00C04F79EFBC}") = "MVCServicesSima.Common", "MVCServicesSima.Common\MVCServicesSima.Common.csproj", "{A56F6A31-890E-4C4A-8D68-2F448E95EBD7}"
EndProject
Global
	GlobalSection(SolutionConfigurationPlatforms) = preSolution
		Debug|Any CPU = Debug|Any CPU
		Release|Any CPU = Release|Any CPU
	EndGlobalSection
	GlobalSection(ProjectConfigurationPlatforms) = postSolution
		{A56F6A31-890E-4C4A-8D68-2F448E95EBD7}.Debug|Any CPU.ActiveCfg = Debug|Any CPU
		{A56F6A31-890E-4C4A-8D68-2F448E95EBD7}.Debug|Any CPU.Build.0 = Debug|Any CPU
		{A56F6A31-890E-4C4A-8D68-2F448E95EBD7}.Release|Any CPU.ActiveCfg = Release|Any CPU
		{A56F6A31-890E-4C4A-8D68-2F448E95EBD7}.Release|Any CPU.Build.0 = Release|Any CPU
	EndGlobalSection
	GlobalSection(SolutionProperties) = preSolution
		HideSolutionNode = FALSE
	EndGlobalSection
	GlobalSection(ExtensibilityGlobals) = postSolution
		SolutionGuid = {C10715F3-3536-47EF-AEB0-5757F9E1D81F}
	EndGlobalSection
EndGlobal
